{
  "name": "corpus",
  "version": "0.1.0",
  "lockfileVersion": 3,
  "requires": true,
  "packages": {
    "": {
      "name": "corpus",
      "version": "0.1.0",
      "license": "MIT",
      "dependencies": {
        "nan": "^2.19.0",
        "tree-sitter-query": "^0.1.0"
      },
      "devDependencies": {
        "tree-sitter-cli": "^0.22.0"
      }
    },
    "node_modules/nan": {
      "version": "2.19.0",
      "resolved": "https://registry.npmjs.org/nan/-/nan-2.19.0.tgz",
      "integrity": "sha512-nO1xXxfh/RWNxfd/XPfbIfFk5vgLsAxUR9y5O0cHMJu/AW9U95JLXqthYHjEp+8gQ5p96K9jUp8nbVOxCdRbtw=="
    },
    "node_modules/tree-sitter-cli": {
      "version": "0.22.0",
      "resolved": "https://registry.npmjs.org/tree-sitter-cli/-/tree-sitter-cli-0.22.0.tgz",
      "integrity": "sha512-EAjdizEkcS7koK2d32ay2t2EkaS3jggcPgvSO43grcBKOrB3mvuw5A9Lac3DZQCfNg/KzTO2nsWLrTgwIBT6WA==",
      "dev": true,
      "hasInstallScript": true,
      "bin": {
        "tree-sitter": "cli.js"
      }
    },
    "node_modules/tree-sitter-query": {
      "version": "0.1.0",
      "resolved": "https://registry.npmjs.org/tree-sitter-query/-/tree-sitter-query-0.1.0.tgz",
      "integrity": "sha512-5b+Ia54rLxIWeMLhkn058DiZ8K7pJaYSx3nn+C5S1nbo7bk3ZFM88xmQBG/Ewd13EIAE1ieP61Y1hULGtTjCGg==",
      "hasInstallScript": true,
      "dependencies": {
        "nan": "^2.17.0"
      }
    }
  }
}
